
Microsoft Visual Studio Solution File, Format Version 11.00
# Visual Studio 2010
Project("{FAE04EC0-301F-11D3-BF4B-00C04F79EFBC}") = "TeamCityBuildConfigurationTests", "TeamCityBuildConfigurationTests\TeamCityBuildConfigurationTests.csproj", "{FC4B48B6-E788-4E6A-BFB7-E5D59E1D9BE0}"
EndProject
Project("{FAE04EC0-301F-11D3-BF4B-00C04F79EFBC}") = "Core", "Core\Core.csproj", "{93209B71-F005-48AC-B5D2-84206B8D6C7E}"
EndProject
Global
	GlobalSection(SolutionConfigurationPlatforms) = preSolution
		Debug|Any CPU = Debug|Any CPU
		Release|Any CPU = Release|Any CPU
	EndGlobalSection
	GlobalSection(ProjectConfigurationPlatforms) = postSolution
		{FC4B48B6-E788-4E6A-BFB7-E5D59E1D9BE0}.Debug|Any CPU.ActiveCfg = Debug|Any CPU
		{FC4B48B6-E788-4E6A-BFB7-E5D59E1D9BE0}.Debug|Any CPU.Build.0 = Debug|Any CPU
		{FC4B48B6-E788-4E6A-BFB7-E5D59E1D9BE0}.Release|Any CPU.ActiveCfg = Release|Any CPU
		{FC4B48B6-E788-4E6A-BFB7-E5D59E1D9BE0}.Release|Any CPU.Build.0 = Release|Any CPU
		{93209B71-F005-48AC-B5D2-84206B8D6C7E}.Debug|Any CPU.ActiveCfg = Debug|Any CPU
		{93209B71-F005-48AC-B5D2-84206B8D6C7E}.Debug|Any CPU.Build.0 = Debug|Any CPU
		{93209B71-F005-48AC-B5D2-84206B8D6C7E}.Release|Any CPU.ActiveCfg = Release|Any CPU
		{93209B71-F005-48AC-B5D2-84206B8D6C7E}.Release|Any CPU.Build.0 = Release|Any CPU
	EndGlobalSection
	GlobalSection(SolutionProperties) = preSolution
		HideSolutionNode = FALSE
	EndGlobalSection
EndGlobal
